// !$*UTF8*$!
{
	archiveVersion = 1;
	classes = {
	};
	objectVersion = 46;
	objects = {

/* Begin PBXBuildFile section */
		D6BB062BF14B64C567300D11 /* Pods_ABSensorSDKDemo.framework in Frameworks */ = {isa = PBXBuildFile; fileRef = D3B9A884DB3C84FA968AFD22 /* Pods_ABSensorSDKDemo.framework */; };
		E2E348EE1DACB6F80039554C /* AppDelegate.swift in Sources */ = {isa = PBXBuildFile; fileRef = E2E348ED1DACB6F80039554C /* AppDelegate.swift */; };
		E2E348F31DACB6F80039554C /* Main.storyboard in Resources */ = {isa = PBXBuildFile; fileRef = E2E348F11DACB6F80039554C /* Main.storyboard */; };
		E2E348F51DACB6F80039554C /* Assets.xcassets in Resources */ = {isa = PBXBuildFile; fileRef = E2E348F41DACB6F80039554C /* Assets.xcassets */; };
		E2E348F81DACB6F80039554C /* LaunchScreen.storyboard in Resources */ = {isa = PBXBuildFile; fileRef = E2E348F61DACB6F80039554C /* LaunchScreen.storyboard */; };
		E2E349011DACB8380039554C /* TriggerViewController.swift in Sources */ = {isa = PBXBuildFile; fileRef = E2E348FF1DACB8380039554C /* TriggerViewController.swift */; };
		E2E349021DACB8380039554C /* SensorViewController.swift in Sources */ = {isa = PBXBuildFile; fileRef = E2E349001DACB8380039554C /* SensorViewController.swift */; };
/* End PBXBuildFile section */

/* Begin PBXFileReference section */
		8326FDA739BB31CEB9BB442F /* Pods-ABSensorSDKDemo.debug.xcconfig */ = {isa = PBXFileReference; includeInIndex = 1; lastKnownFileType = text.xcconfig; name = "Pods-ABSensorSDKDemo.debug.xcconfig"; path = "../Pods/Target Support Files/Pods-ABSensorSDKDemo/Pods-ABSensorSDKDemo.debug.xcconfig"; sourceTree = "<group>"; };
		D3B9A884DB3C84FA968AFD22 /* Pods_ABSensorSDKDemo.framework */ = {isa = PBXFileReference; explicitFileType = wrapper.framework; includeInIndex = 0; path = Pods_ABSensorSDKDemo.framework; sourceTree = BUILT_PRODUCTS_DIR; };
		E2E348EA1DACB6F80039554C /* ABSensorSDKDemo.app */ = {isa = PBXFileReference; explicitFileType = wrapper.application; includeInIndex = 0; path = ABSensorSDKDemo.app; sourceTree = BUILT_PRODUCTS_DIR; };
		E2E348ED1DACB6F80039554C /* AppDelegate.swift */ = {isa = PBXFileReference; lastKnownFileType = sourcecode.swift; path = AppDelegate.swift; sourceTree = "<group>"; };
		E2E348F21DACB6F80039554C /* Base */ = {isa = PBXFileReference; lastKnownFileType = file.storyboard; name = Base; path = Base.lproj/Main.storyboard; sourceTree = "<group>"; };
		E2E348F41DACB6F80039554C /* Assets.xcassets */ = {isa = PBXFileReference; lastKnownFileType = folder.assetcatalog; path = Assets.xcassets; sourceTree = "<group>"; };
		E2E348F71DACB6F80039554C /* Base */ = {isa = PBXFileReference; lastKnownFileType = file.storyboard; name = Base; path = Base.lproj/LaunchScreen.storyboard; sourceTree = "<group>"; };
		E2E348F91DACB6F80039554C /* Info.plist */ = {isa = PBXFileReference; lastKnownFileType = text.plist.xml; path = Info.plist; sourceTree = "<group>"; };
		E2E348FF1DACB8380039554C /* TriggerViewController.swift */ = {isa = PBXFileReference; fileEncoding = 4; lastKnownFileType = sourcecode.swift; path = TriggerViewController.swift; sourceTree = "<group>"; };
		E2E349001DACB8380039554C /* SensorViewController.swift */ = {isa = PBXFileReference; fileEncoding = 4; lastKnownFileType = sourcecode.swift; path = SensorViewController.swift; sourceTree = "<group>"; };
		F0FA7BD8720B002BA684ECE6 /* Pods-ABSensorSDKDemo.release.xcconfig */ = {isa = PBXFileReference; includeInIndex = 1; lastKnownFileType = text.xcconfig; name = "Pods-ABSensorSDKDemo.release.xcconfig"; path = "../Pods/Target Support Files/Pods-ABSensorSDKDemo/Pods-ABSensorSDKDemo.release.xcconfig"; sourceTree = "<group>"; };
/* End PBXFileReference section */

/* Begin PBXFrameworksBuildPhase section */
		E2E348E71DACB6F80039554C /* Frameworks */ = {
			isa = PBXFrameworksBuildPhase;
			buildActionMask = 2147483647;
			files = (
				D6BB062BF14B64C567300D11 /* Pods_ABSensorSDKDemo.framework in Frameworks */,
			);
			runOnlyForDeploymentPostprocessing = 0;
		};
/* End PBXFrameworksBuildPhase section */

/* Begin PBXGroup section */
		B73FE016B4E0D74671DA65B6 /* Frameworks */ = {
			isa = PBXGroup;
			children = (
				D3B9A884DB3C84FA968AFD22 /* Pods_ABSensorSDKDemo.framework */,
			);
			name = Frameworks;
			sourceTree = "<group>";
		};
		E2E348E11DACB6F80039554C = {
			isa = PBXGroup;
			children = (
				E2E348EC1DACB6F80039554C /* ABSensorSDKDemo */,
				E2E348EB1DACB6F80039554C /* Products */,
				EAFA1F6DD3A01D3E3E3EBF45 /* Pods */,
				B73FE016B4E0D74671DA65B6 /* Frameworks */,
			);
			sourceTree = "<group>";
		};
		E2E348EB1DACB6F80039554C /* Products */ = {
			isa = PBXGroup;
			children = (
				E2E348EA1DACB6F80039554C /* ABSensorSDKDemo.app */,
			);
			name = Products;
			sourceTree = "<group>";
		};
		E2E348EC1DACB6F80039554C /* ABSensorSDKDemo */ = {
			isa = PBXGroup;
			children = (
				E2E348FF1DACB8380039554C /* TriggerViewController.swift */,
				E2E349001DACB8380039554C /* SensorViewController.swift */,
				E2E348ED1DACB6F80039554C /* AppDelegate.swift */,
				E2E348F11DACB6F80039554C /* Main.storyboard */,
				E2E348F41DACB6F80039554C /* Assets.xcassets */,
				E2E348F61DACB6F80039554C /* LaunchScreen.storyboard */,
				E2E348F91DACB6F80039554C /* Info.plist */,
			);
			path = ABSensorSDKDemo;
			sourceTree = "<group>";
		};
		EAFA1F6DD3A01D3E3E3EBF45 /* Pods */ = {
			isa = PBXGroup;
			children = (
				8326FDA739BB31CEB9BB442F /* Pods-ABSensorSDKDemo.debug.xcconfig */,
				F0FA7BD8720B002BA684ECE6 /* Pods-ABSensorSDKDemo.release.xcconfig */,
			);
			name = Pods;
			sourceTree = "<group>";
		};
/* End PBXGroup section */

/* Begin PBXNativeTarget section */
		E2E348E91DACB6F80039554C /* ABSensorSDKDemo */ = {
			isa = PBXNativeTarget;
			buildConfigurationList = E2E348FC1DACB6F80039554C /* Build configuration list for PBXNativeTarget "ABSensorSDKDemo" */;
			buildPhases = (
				619AADA5A9E9AA47D1444845 /* 📦 Check Pods Manifest.lock */,
				E2E348E61DACB6F80039554C /* Sources */,
				E2E348E71DACB6F80039554C /* Frameworks */,
				E2E348E81DACB6F80039554C /* Resources */,
				9226DC0F8FA226317A61F86F /* 📦 Embed Pods Frameworks */,
				B08B5AB5AA7619E06D885B42 /* 📦 Copy Pods Resources */,
			);
			buildRules = (
			);
			dependencies = (
			);
			name = ABSensorSDKDemo;
			productName = ABSensorSDKDemo;
			productReference = E2E348EA1DACB6F80039554C /* ABSensorSDKDemo.app */;
			productType = "com.apple.product-type.application";
		};
/* End PBXNativeTarget section */

/* Begin PBXProject section */
		E2E348E21DACB6F80039554C /* Project object */ = {
			isa = PBXProject;
			attributes = {
				LastSwiftUpdateCheck = 0800;
				LastUpgradeCheck = 0800;
				ORGANIZATIONNAME = "April Brother";
				TargetAttributes = {
					E2E348E91DACB6F80039554C = {
						CreatedOnToolsVersion = 8.0;
						DevelopmentTeam = B394B8PA37;
						ProvisioningStyle = Automatic;
					};
				};
			};
			buildConfigurationList = E2E348E51DACB6F80039554C /* Build configuration list for PBXProject "ABSensorSDKDemo" */;
			compatibilityVersion = "Xcode 3.2";
			developmentRegion = English;
			hasScannedForEncodings = 0;
			knownRegions = (
				en,
				Base,
			);
			mainGroup = E2E348E11DACB6F80039554C;
			productRefGroup = E2E348EB1DACB6F80039554C /* Products */;
			projectDirPath = "";
			projectRoot = "";
			targets = (
				E2E348E91DACB6F80039554C /* ABSensorSDKDemo */,
			);
		};
/* End PBXProject section */

/* Begin PBXResourcesBuildPhase section */
		E2E348E81DACB6F80039554C /* Resources */ = {
			isa = PBXResourcesBuildPhase;
			buildActionMask = 2147483647;
			files = (
				E2E348F81DACB6F80039554C /* LaunchScreen.storyboard in Resources */,
				E2E348F51DACB6F80039554C /* Assets.xcassets in Resources */,
				E2E348F31DACB6F80039554C /* Main.storyboard in Resources */,
			);
			runOnlyForDeploymentPostprocessing = 0;
		};
/* End PBXResourcesBuildPhase section */

/* Begin PBXShellScriptBuildPhase section */
		619AADA5A9E9AA47D1444845 /* 📦 Check Pods Manifest.lock */ = {
			isa = PBXShellScriptBuildPhase;
			buildActionMask = 2147483647;
			files = (
			);
			inputPaths = (
			);
			name = "📦 Check Pods Manifest.lock";
			outputPaths = (
			);
			runOnlyForDeploymentPostprocessing = 0;
			shellPath = /bin/sh;
			shellScript = "diff \"${PODS_ROOT}/../Podfile.lock\" \"${PODS_ROOT}/Manifest.lock\" > /dev/null\nif [[ $? != 0 ]] ; then\n    cat << EOM\nerror: The sandbox is not in sync with the Podfile.lock. Run 'pod install' or update your CocoaPods installation.\nEOM\n    exit 1\nfi\n";
			showEnvVarsInLog = 0;
		};
		9226DC0F8FA226317A61F86F /* 📦 Embed Pods Frameworks */ = {
			isa = PBXShellScriptBuildPhase;
			buildActionMask = 2147483647;
			files = (
			);
			inputPaths = (
			);
			name = "📦 Embed Pods Frameworks";
			outputPaths = (
			);
			runOnlyForDeploymentPostprocessing = 0;
			shellPath = /bin/sh;
			shellScript = "\"${SRCROOT}/../Pods/Target Support Files/Pods-ABSensorSDKDemo/Pods-ABSensorSDKDemo-frameworks.sh\"\n";
			showEnvVarsInLog = 0;
		};
		B08B5AB5AA7619E06D885B42 /* 📦 Copy Pods Resources */ = {
			isa = PBXShellScriptBuildPhase;
			buildActionMask = 2147483647;
			files = (
			);
			inputPaths = (
			);
			name = "📦 Copy Pods Resources";
			outputPaths = (
			);
			runOnlyForDeploymentPostprocessing = 0;
			shellPath = /bin/sh;
			shellScript = "\"${SRCROOT}/../Pods/Target Support Files/Pods-ABSensorSDKDemo/Pods-ABSensorSDKDemo-resources.sh\"\n";
			showEnvVarsInLog = 0;
		};
/* End PBXShellScriptBuildPhase section */

/* Begin PBXSourcesBuildPhase section */
		E2E348E61DACB6F80039554C /* Sources */ = {
			isa = PBXSourcesBuildPhase;
			buildActionMask = 2147483647;
			files = (
				E2E348EE1DACB6F80039554C /* AppDelegate.swift in Sources */,
				E2E349011DACB8380039554C /* TriggerViewController.swift in Sources */,
				E2E349021DACB8380039554C /* SensorViewController.swift in Sources */,
			);
			runOnlyForDeploymentPostprocessing = 0;
		};
/* End PBXSourcesBuildPhase section */

/* Begin PBXVariantGroup section */
		E2E348F11DACB6F80039554C /* Main.storyboard */ = {
			isa = PBXVariantGroup;
			children = (
				E2E348F21DACB6F80039554C /* Base */,
			);
			name = Main.storyboard;
			sourceTree = "<group>";
		};
		E2E348F61DACB6F80039554C /* LaunchScreen.storyboard */ = {
			isa = PBXVariantGroup;
			children = (
				E2E348F71DACB6F80039554C /* Base */,
			);
			name = LaunchScreen.storyboard;
			sourceTree = "<group>";
		};
/* End PBXVariantGroup section */

/* Begin XCBuildConfiguration section */
		E2E348FA1DACB6F80039554C /* Debug */ = {
			isa = XCBuildConfiguration;
			buildSettings = {
				ALWAYS_SEARCH_USER_PATHS = NO;
				CLANG_ANALYZER_NONNULL = YES;
				CLANG_CXX_LANGUAGE_STANDARD = "gnu++0x";
				CLANG_CXX_LIBRARY = "libc++";
				CLANG_ENABLE_MODULES = YES;
				CLANG_ENABLE_OBJC_ARC = YES;
				CLANG_WARN_BOOL_CONVERSION = YES;
				CLANG_WARN_CONSTANT_CONVERSION = YES;
				CLANG_WARN_DIRECT_OBJC_ISA_USAGE = YES_ERROR;
				CLANG_WARN_DOCUMENTATION_COMMENTS = YES;
				CLANG_WARN_EMPTY_BODY = YES;
				CLANG_WARN_ENUM_CONVERSION = YES;
				CLANG_WARN_INFINITE_RECURSION = YES;
				CLANG_WARN_INT_CONVERSION = YES;
				CLANG_WARN_OBJC_ROOT_CLASS = YES_ERROR;
				CLANG_WARN_SUSPICIOUS_MOVES = YES;
				CLANG_WARN_UNREACHABLE_CODE = YES;
				CLANG_WARN__DUPLICATE_METHOD_MATCH = YES;
				"CODE_SIGN_IDENTITY[sdk=iphoneos*]" = "iPhone Developer";
				COPY_PHASE_STRIP = NO;
				DEBUG_INFORMATION_FORMAT = dwarf;
				ENABLE_STRICT_OBJC_MSGSEND = YES;
				ENABLE_TESTABILITY = YES;
				GCC_C_LANGUAGE_STANDARD = gnu99;
				GCC_DYNAMIC_NO_PIC = NO;
				GCC_NO_COMMON_BLOCKS = YES;
				GCC_OPTIMIZATION_LEVEL = 0;
				GCC_PREPROCESSOR_DEFINITIONS = (
					"DEBUG=1",
					"$(inherited)",
				);
				GCC_WARN_64_TO_32_BIT_CONVERSION = YES;
				GCC_WARN_ABOUT_RETURN_TYPE = YES_ERROR;
				GCC_WARN_UNDECLARED_SELECTOR = YES;
				GCC_WARN_UNINITIALIZED_AUTOS = YES_AGGRESSIVE;
				GCC_WARN_UNUSED_FUNCTION = YES;
				GCC_WARN_UNUSED_VARIABLE = YES;
				IPHONEOS_DEPLOYMENT_TARGET = 10.0;
				MTL_ENABLE_DEBUG_INFO = YES;
				ONLY_ACTIVE_ARCH = YES;
				SDKROOT = iphoneos;
				SWIFT_ACTIVE_COMPILATION_CONDITIONS = DEBUG;
				SWIFT_OPTIMIZATION_LEVEL = "-Onone";
				TARGETED_DEVICE_FAMILY = "1,2";
			};
			name = Debug;
		};
		E2E348FB1DACB6F80039554C /* Release */ = {
			isa = XCBuildConfiguration;
			buildSettings = {
				ALWAYS_SEARCH_USER_PATHS = NO;
				CLANG_ANALYZER_NONNULL = YES;
				CLANG_CXX_LANGUAGE_STANDARD = "gnu++0x";
				CLANG_CXX_LIBRARY = "libc++";
				CLANG_ENABLE_MODULES = YES;
				CLANG_ENABLE_OBJC_ARC = YES;
				CLANG_WARN_BOOL_CONVERSION = YES;
				CLANG_WARN_CONSTANT_CONVERSION = YES;
				CLANG_WARN_DIRECT_OBJC_ISA_USAGE = YES_ERROR;
				CLANG_WARN_DOCUMENTATION_COMMENTS = YES;
				CLANG_WARN_EMPTY_BODY = YES;
				CLANG_WARN_ENUM_CONVERSION = YES;
				CLANG_WARN_INFINITE_RECURSION = YES;
				CLANG_WARN_INT_CONVERSION = YES;
				CLANG_WARN_OBJC_ROOT_CLASS = YES_ERROR;
				CLANG_WARN_SUSPICIOUS_MOVES = YES;
				CLANG_WARN_UNREACHABLE_CODE = YES;
				CLANG_WARN__DUPLICATE_METHOD_MATCH = YES;
				"CODE_SIGN_IDENTITY[sdk=iphoneos*]" = "iPhone Developer";
				COPY_PHASE_STRIP = NO;
				DEBUG_INFORMATION_FORMAT = "dwarf-with-dsym";
				ENABLE_NS_ASSERTIONS = NO;
				ENABLE_STRICT_OBJC_MSGSEND = YES;
				GCC_C_LANGUAGE_STANDARD = gnu99;
				GCC_NO_COMMON_BLOCKS = YES;
				GCC_WARN_64_TO_32_BIT_CONVERSION = YES;
				GCC_WARN_ABOUT_RETURN_TYPE = YES_ERROR;
				GCC_WARN_UNDECLARED_SELECTOR = YES;
				GCC_WARN_UNINITIALIZED_AUTOS = YES_AGGRESSIVE;
				GCC_WARN_UNUSED_FUNCTION = YES;
				GCC_WARN_UNUSED_VARIABLE = YES;
				IPHONEOS_DEPLOYMENT_TARGET = 10.0;
				MTL_ENABLE_DEBUG_INFO = NO;
				SDKROOT = iphoneos;
				SWIFT_OPTIMIZATION_LEVEL = "-Owholemodule";
				TARGETED_DEVICE_FAMILY = "1,2";
				VALIDATE_PRODUCT = YES;
			};
			name = Release;
		};
		E2E348FD1DACB6F80039554C /* Debug */ = {
			isa = XCBuildConfiguration;
			baseConfigurationReference = 8326FDA739BB31CEB9BB442F /* Pods-ABSensorSDKDemo.debug.xcconfig */;
			buildSettings = {
				ASSETCATALOG_COMPILER_APPICON_NAME = AppIcon;
				DEVELOPMENT_TEAM = B394B8PA37;
				INFOPLIST_FILE = ABSensorSDKDemo/Info.plist;
				LD_RUNPATH_SEARCH_PATHS = "$(inherited) @executable_path/Frameworks";
				PRODUCT_BUNDLE_IDENTIFIER = com.aprbrother.ABSensorSDKDemo;
				PRODUCT_NAME = "$(TARGET_NAME)";
				SWIFT_VERSION = 3.0;
			};
			name = Debug;
		};
		E2E348FE1DACB6F80039554C /* Release */ = {
			isa = XCBuildConfiguration;
			baseConfigurationReference = F0FA7BD8720B002BA684ECE6 /* Pods-ABSensorSDKDemo.release.xcconfig */;
			buildSettings = {
				ASSETCATALOG_COMPILER_APPICON_NAME = AppIcon;
				DEVELOPMENT_TEAM = B394B8PA37;
				INFOPLIST_FILE = ABSensorSDKDemo/Info.plist;
				LD_RUNPATH_SEARCH_PATHS = "$(inherited) @executable_path/Frameworks";
				PRODUCT_BUNDLE_IDENTIFIER = com.aprbrother.ABSensorSDKDemo;
				PRODUCT_NAME = "$(TARGET_NAME)";
				SWIFT_VERSION = 3.0;
			};
			name = Release;
		};
/* End XCBuildConfiguration section */

/* Begin XCConfigurationList section */
		E2E348E51DACB6F80039554C /* Build configuration list for PBXProject "ABSensorSDKDemo" */ = {
			isa = XCConfigurationList;
			buildConfigurations = (
				E2E348FA1DACB6F80039554C /* Debug */,
				E2E348FB1DACB6F80039554C /* Release */,
			);
			defaultConfigurationIsVisible = 0;
			defaultConfigurationName = Release;
		};
		E2E348FC1DACB6F80039554C /* Build configuration list for PBXNativeTarget "ABSensorSDKDemo" */ = {
			isa = XCConfigurationList;
			buildConfigurations = (
				E2E348FD1DACB6F80039554C /* Debug */,
				E2E348FE1DACB6F80039554C /* Release */,
			);
			defaultConfigurationIsVisible = 0;
			defaultConfigurationName = Release;
		};
/* End XCConfigurationList section */
	};
	rootObject = E2E348E21DACB6F80039554C /* Project object */;
}
